
Microsoft Visual Studio Solution File, Format Version 12.00
# Visual Studio 15
VisualStudioVersion = 15.0.26730.15
MinimumVisualStudioVersion = 10.0.40219.1
Project("{FAE04EC0-301F-11D3-BF4B-00C04F79EFBC}") = "KlicOauthExample", "KlicOauthExample\KlicOauthExample.csproj", "{D71BC60E-AFFA-4324-A2F8-530677C6112B}"
EndProject
Global
	GlobalSection(SolutionConfigurationPlatforms) = preSolution
		Debug|Any CPU = Debug|Any CPU
		Release|Any CPU = Release|Any CPU
	EndGlobalSection
	GlobalSection(ProjectConfigurationPlatforms) = postSolution
		{D71BC60E-AFFA-4324-A2F8-530677C6112B}.Debug|Any CPU.ActiveCfg = Debug|Any CPU
		{D71BC60E-AFFA-4324-A2F8-530677C6112B}.Debug|Any CPU.Build.0 = Debug|Any CPU
		{D71BC60E-AFFA-4324-A2F8-530677C6112B}.Release|Any CPU.ActiveCfg = Release|Any CPU
		{D71BC60E-AFFA-4324-A2F8-530677C6112B}.Release|Any CPU.Build.0 = Release|Any CPU
	EndGlobalSection
	GlobalSection(SolutionProperties) = preSolution
		HideSolutionNode = FALSE
	EndGlobalSection
	GlobalSection(ExtensibilityGlobals) = postSolution
		SolutionGuid = {CAAD3650-1235-4B21-9937-164DB5C3319A}
	EndGlobalSection
EndGlobal
